// !$*UTF8*$!
{
	archiveVersion = 1;
	classes = {
	};
	objectVersion = 46;
	objects = {

/* Begin PBXBuildFile section */
		4C8449F8225B14BA00D91A95 /* AppDelegate.swift in Sources */ = {isa = PBXBuildFile; fileRef = 4C8449F7225B14BA00D91A95 /* AppDelegate.swift */; };
		4C8449FA225B14BA00D91A95 /* ViewController.swift in Sources */ = {isa = PBXBuildFile; fileRef = 4C8449F9225B14BA00D91A95 /* ViewController.swift */; };
		4C8449FD225B14BA00D91A95 /* Main.storyboard in Resources */ = {isa = PBXBuildFile; fileRef = 4C8449FB225B14BA00D91A95 /* Main.storyboard */; };
		4C8449FF225B14BA00D91A95 /* Assets.xcassets in Resources */ = {isa = PBXBuildFile; fileRef = 4C8449FE225B14BA00D91A95 /* Assets.xcassets */; };
		4C844A02225B14BA00D91A95 /* LaunchScreen.storyboard in Resources */ = {isa = PBXBuildFile; fileRef = 4C844A00225B14BA00D91A95 /* LaunchScreen.storyboard */; };
/* End PBXBuildFile section */

/* Begin PBXFileReference section */
		4C8449F4225B14BA00D91A95 /* DunyangN U2A1Q4.app */ = {isa = PBXFileReference; explicitFileType = wrapper.application; includeInIndex = 0; path = "DunyangN U2A1Q4.app"; sourceTree = BUILT_PRODUCTS_DIR; };
		4C8449F7225B14BA00D91A95 /* AppDelegate.swift */ = {isa = PBXFileReference; lastKnownFileType = sourcecode.swift; path = AppDelegate.swift; sourceTree = "<group>"; };
		4C8449F9225B14BA00D91A95 /* ViewController.swift */ = {isa = PBXFileReference; lastKnownFileType = sourcecode.swift; path = ViewController.swift; sourceTree = "<group>"; };
		4C8449FC225B14BA00D91A95 /* Base */ = {isa = PBXFileReference; lastKnownFileType = file.storyboard; name = Base; path = Base.lproj/Main.storyboard; sourceTree = "<group>"; };
		4C8449FE225B14BA00D91A95 /* Assets.xcassets */ = {isa = PBXFileReference; lastKnownFileType = folder.assetcatalog; path = Assets.xcassets; sourceTree = "<group>"; };
		4C844A01225B14BA00D91A95 /* Base */ = {isa = PBXFileReference; lastKnownFileType = file.storyboard; name = Base; path = Base.lproj/LaunchScreen.storyboard; sourceTree = "<group>"; };
		4C844A03225B14BA00D91A95 /* Info.plist */ = {isa = PBXFileReference; lastKnownFileType = text.plist.xml; path = Info.plist; sourceTree = "<group>"; };
/* End PBXFileReference section */

/* Begin PBXFrameworksBuildPhase section */
		4C8449F1225B14BA00D91A95 /* Frameworks */ = {
			isa = PBXFrameworksBuildPhase;
			buildActionMask = 2147483647;
			files = (
			);
			runOnlyForDeploymentPostprocessing = 0;
		};
/* End PBXFrameworksBuildPhase section */

/* Begin PBXGroup section */
		4C8449EB225B14BA00D91A95 = {
			isa = PBXGroup;
			children = (
				4C8449F6225B14BA00D91A95 /* DunyangN U2A1Q4 */,
				4C8449F5225B14BA00D91A95 /* Products */,
			);
			sourceTree = "<group>";
		};
		4C8449F5225B14BA00D91A95 /* Products */ = {
			isa = PBXGroup;
			children = (
				4C8449F4225B14BA00D91A95 /* DunyangN U2A1Q4.app */,
			);
			name = Products;
			sourceTree = "<group>";
		};
		4C8449F6225B14BA00D91A95 /* DunyangN U2A1Q4 */ = {
			isa = PBXGroup;
			children = (
				4C8449F7225B14BA00D91A95 /* AppDelegate.swift */,
				4C8449F9225B14BA00D91A95 /* ViewController.swift */,
				4C8449FB225B14BA00D91A95 /* Main.storyboard */,
				4C8449FE225B14BA00D91A95 /* Assets.xcassets */,
				4C844A00225B14BA00D91A95 /* LaunchScreen.storyboard */,
				4C844A03225B14BA00D91A95 /* Info.plist */,
			);
			path = "DunyangN U2A1Q4";
			sourceTree = "<group>";
		};
/* End PBXGroup section */

/* Begin PBXNativeTarget section */
		4C8449F3225B14BA00D91A95 /* DunyangN U2A1Q4 */ = {
			isa = PBXNativeTarget;
			buildConfigurationList = 4C844A06225B14BA00D91A95 /* Build configuration list for PBXNativeTarget "DunyangN U2A1Q4" */;
			buildPhases = (
				4C8449F0225B14BA00D91A95 /* Sources */,
				4C8449F1225B14BA00D91A95 /* Frameworks */,
				4C8449F2225B14BA00D91A95 /* Resources */,
			);
			buildRules = (
			);
			dependencies = (
			);
			name = "DunyangN U2A1Q4";
			productName = "DunyangN U2A1Q4";
			productReference = 4C8449F4225B14BA00D91A95 /* DunyangN U2A1Q4.app */;
			productType = "com.apple.product-type.application";
		};
/* End PBXNativeTarget section */

/* Begin PBXProject section */
		4C8449EC225B14BA00D91A95 /* Project object */ = {
			isa = PBXProject;
			attributes = {
				LastSwiftUpdateCheck = 0820;
				LastUpgradeCheck = 0820;
				ORGANIZATIONNAME = "Dunyang Ni";
				TargetAttributes = {
					4C8449F3225B14BA00D91A95 = {
						CreatedOnToolsVersion = 8.2;
						LastSwiftMigration = 0940;
						ProvisioningStyle = Automatic;
					};
				};
			};
			buildConfigurationList = 4C8449EF225B14BA00D91A95 /* Build configuration list for PBXProject "DunyangN U2A1Q4" */;
			compatibilityVersion = "Xcode 3.2";
			developmentRegion = English;
			hasScannedForEncodings = 0;
			knownRegions = (
				en,
				Base,
			);
			mainGroup = 4C8449EB225B14BA00D91A95;
			productRefGroup = 4C8449F5225B14BA00D91A95 /* Products */;
			projectDirPath = "";
			projectRoot = "";
			targets = (
				4C8449F3225B14BA00D91A95 /* DunyangN U2A1Q4 */,
			);
		};
/* End PBXProject section */

/* Begin PBXResourcesBuildPhase section */
		4C8449F2225B14BA00D91A95 /* Resources */ = {
			isa = PBXResourcesBuildPhase;
			buildActionMask = 2147483647;
			files = (
				4C844A02225B14BA00D91A95 /* LaunchScreen.storyboard in Resources */,
				4C8449FF225B14BA00D91A95 /* Assets.xcassets in Resources */,
				4C8449FD225B14BA00D91A95 /* Main.storyboard in Resources */,
			);
			runOnlyForDeploymentPostprocessing = 0;
		};
/* End PBXResourcesBuildPhase section */

/* Begin PBXSourcesBuildPhase section */
		4C8449F0225B14BA00D91A95 /* Sources */ = {
			isa = PBXSourcesBuildPhase;
			buildActionMask = 2147483647;
			files = (
				4C8449FA225B14BA00D91A95 /* ViewController.swift in Sources */,
				4C8449F8225B14BA00D91A95 /* AppDelegate.swift in Sources */,
			);
			runOnlyForDeploymentPostprocessing = 0;
		};
/* End PBXSourcesBuildPhase section */

/* Begin PBXVariantGroup section */
		4C8449FB225B14BA00D91A95 /* Main.storyboard */ = {
			isa = PBXVariantGroup;
			children = (
				4C8449FC225B14BA00D91A95 /* Base */,
			);
			name = Main.storyboard;
			sourceTree = "<group>";
		};
		4C844A00225B14BA00D91A95 /* LaunchScreen.storyboard */ = {
			isa = PBXVariantGroup;
			children = (
				4C844A01225B14BA00D91A95 /* Base */,
			);
			name = LaunchScreen.storyboard;
			sourceTree = "<group>";
		};
/* End PBXVariantGroup section */

/* Begin XCBuildConfiguration section */
		4C844A04225B14BA00D91A95 /* Debug */ = {
			isa = XCBuildConfiguration;
			buildSettings = {
				ALWAYS_SEARCH_USER_PATHS = NO;
				CLANG_ANALYZER_NONNULL = YES;
				CLANG_CXX_LANGUAGE_STANDARD = "gnu++0x";
				CLANG_CXX_LIBRARY = "libc++";
				CLANG_ENABLE_MODULES = YES;
				CLANG_ENABLE_OBJC_ARC = YES;
				CLANG_WARN_BOOL_CONVERSION = YES;
				CLANG_WARN_CONSTANT_CONVERSION = YES;
				CLANG_WARN_DIRECT_OBJC_ISA_USAGE = YES_ERROR;
				CLANG_WARN_DOCUMENTATION_COMMENTS = YES;
				CLANG_WARN_EMPTY_BODY = YES;
				CLANG_WARN_ENUM_CONVERSION = YES;
				CLANG_WARN_INFINITE_RECURSION = YES;
				CLANG_WARN_INT_CONVERSION = YES;
				CLANG_WARN_OBJC_ROOT_CLASS = YES_ERROR;
				CLANG_WARN_SUSPICIOUS_MOVE = YES;
				CLANG_WARN_UNREACHABLE_CODE = YES;
				CLANG_WARN__DUPLICATE_METHOD_MATCH = YES;
				"CODE_SIGN_IDENTITY[sdk=iphoneos*]" = "iPhone Developer";
				COPY_PHASE_STRIP = NO;
				DEBUG_INFORMATION_FORMAT = dwarf;
				ENABLE_STRICT_OBJC_MSGSEND = YES;
				ENABLE_TESTABILITY = YES;
				GCC_C_LANGUAGE_STANDARD = gnu99;
				GCC_DYNAMIC_NO_PIC = NO;
				GCC_NO_COMMON_BLOCKS = YES;
				GCC_OPTIMIZATION_LEVEL = 0;
				GCC_PREPROCESSOR_DEFINITIONS = (
					"DEBUG=1",
					"$(inherited)",
				);
				GCC_WARN_64_TO_32_BIT_CONVERSION = YES;
				GCC_WARN_ABOUT_RETURN_TYPE = YES_ERROR;
				GCC_WARN_UNDECLARED_SELECTOR = YES;
				GCC_WARN_UNINITIALIZED_AUTOS = YES_AGGRESSIVE;
				GCC_WARN_UNUSED_FUNCTION = YES;
				GCC_WARN_UNUSED_VARIABLE = YES;
				IPHONEOS_DEPLOYMENT_TARGET = 10.2;
				MTL_ENABLE_DEBUG_INFO = YES;
				ONLY_ACTIVE_ARCH = YES;
				SDKROOT = iphoneos;
				SWIFT_ACTIVE_COMPILATION_CONDITIONS = DEBUG;
				SWIFT_OPTIMIZATION_LEVEL = "-Onone";
				TARGETED_DEVICE_FAMILY = "1,2";
			};
			name = Debug;
		};
		4C844A05225B14BA00D91A95 /* Release */ = {
			isa = XCBuildConfiguration;
			buildSettings = {
				ALWAYS_SEARCH_USER_PATHS = NO;
				CLANG_ANALYZER_NONNULL = YES;
				CLANG_CXX_LANGUAGE_STANDARD = "gnu++0x";
				CLANG_CXX_LIBRARY = "libc++";
				CLANG_ENABLE_MODULES = YES;
				CLANG_ENABLE_OBJC_ARC = YES;
				CLANG_WARN_BOOL_CONVERSION = YES;
				CLANG_WARN_CONSTANT_CONVERSION = YES;
				CLANG_WARN_DIRECT_OBJC_ISA_USAGE = YES_ERROR;
				CLANG_WARN_DOCUMENTATION_COMMENTS = YES;
				CLANG_WARN_EMPTY_BODY = YES;
				CLANG_WARN_ENUM_CONVERSION = YES;
				CLANG_WARN_INFINITE_RECURSION = YES;
				CLANG_WARN_INT_CONVERSION = YES;
				CLANG_WARN_OBJC_ROOT_CLASS = YES_ERROR;
				CLANG_WARN_SUSPICIOUS_MOVE = YES;
				CLANG_WARN_UNREACHABLE_CODE = YES;
				CLANG_WARN__DUPLICATE_METHOD_MATCH = YES;
				"CODE_SIGN_IDENTITY[sdk=iphoneos*]" = "iPhone Developer";
				COPY_PHASE_STRIP = NO;
				DEBUG_INFORMATION_FORMAT = "dwarf-with-dsym";
				ENABLE_NS_ASSERTIONS = NO;
				ENABLE_STRICT_OBJC_MSGSEND = YES;
				GCC_C_LANGUAGE_STANDARD = gnu99;
				GCC_NO_COMMON_BLOCKS = YES;
				GCC_WARN_64_TO_32_BIT_CONVERSION = YES;
				GCC_WARN_ABOUT_RETURN_TYPE = YES_ERROR;
				GCC_WARN_UNDECLARED_SELECTOR = YES;
				GCC_WARN_UNINITIALIZED_AUTOS = YES_AGGRESSIVE;
				GCC_WARN_UNUSED_FUNCTION = YES;
				GCC_WARN_UNUSED_VARIABLE = YES;
				IPHONEOS_DEPLOYMENT_TARGET = 10.2;
				MTL_ENABLE_DEBUG_INFO = NO;
				SDKROOT = iphoneos;
				SWIFT_OPTIMIZATION_LEVEL = "-Owholemodule";
				TARGETED_DEVICE_FAMILY = "1,2";
				VALIDATE_PRODUCT = YES;
			};
			name = Release;
		};
		4C844A07225B14BA00D91A95 /* Debug */ = {
			isa = XCBuildConfiguration;
			buildSettings = {
				ASSETCATALOG_COMPILER_APPICON_NAME = AppIcon;
				INFOPLIST_FILE = "DunyangN U2A1Q4/Info.plist";
				LD_RUNPATH_SEARCH_PATHS = "$(inherited) @executable_path/Frameworks";
				PRODUCT_BUNDLE_IDENTIFIER = "DN.DunyangN-U2A1Q4";
				PRODUCT_NAME = "$(TARGET_NAME)";
				SWIFT_VERSION = 4.0;
			};
			name = Debug;
		};
		4C844A08225B14BA00D91A95 /* Release */ = {
			isa = XCBuildConfiguration;
			buildSettings = {
				ASSETCATALOG_COMPILER_APPICON_NAME = AppIcon;
				INFOPLIST_FILE = "DunyangN U2A1Q4/Info.plist";
				LD_RUNPATH_SEARCH_PATHS = "$(inherited) @executable_path/Frameworks";
				PRODUCT_BUNDLE_IDENTIFIER = "DN.DunyangN-U2A1Q4";
				PRODUCT_NAME = "$(TARGET_NAME)";
				SWIFT_VERSION = 4.0;
			};
			name = Release;
		};
/* End XCBuildConfiguration section */

/* Begin XCConfigurationList section */
		4C8449EF225B14BA00D91A95 /* Build configuration list for PBXProject "DunyangN U2A1Q4" */ = {
			isa = XCConfigurationList;
			buildConfigurations = (
				4C844A04225B14BA00D91A95 /* Debug */,
				4C844A05225B14BA00D91A95 /* Release */,
			);
			defaultConfigurationIsVisible = 0;
			defaultConfigurationName = Release;
		};
		4C844A06225B14BA00D91A95 /* Build configuration list for PBXNativeTarget "DunyangN U2A1Q4" */ = {
			isa = XCConfigurationList;
			buildConfigurations = (
				4C844A07225B14BA00D91A95 /* Debug */,
				4C844A08225B14BA00D91A95 /* Release */,
			);
			defaultConfigurationIsVisible = 0;
			defaultConfigurationName = Release;
		};
/* End XCConfigurationList section */
	};
	rootObject = 4C8449EC225B14BA00D91A95 /* Project object */;
}
